// !$*UTF8*$!
{
	archiveVersion = 1;
	classes = {
	};
	objectVersion = 50;
	objects = {

/* Begin PBXBuildFile section */
		2B68199924AE290900E19FF4 /* Stoptimer.m in Sources */ = {isa = PBXBuildFile; fileRef = 2B68199824AE290900E19FF4 /* Stoptimer.m */; };
		2BDD55BE24AE225500A84806 /* AppDelegate.m in Sources */ = {isa = PBXBuildFile; fileRef = 2BDD55BD24AE225500A84806 /* AppDelegate.m */; };
		2BDD55C124AE225500A84806 /* SceneDelegate.m in Sources */ = {isa = PBXBuildFile; fileRef = 2BDD55C024AE225500A84806 /* SceneDelegate.m */; };
		2BDD55C424AE225500A84806 /* ViewController.m in Sources */ = {isa = PBXBuildFile; fileRef = 2BDD55C324AE225500A84806 /* ViewController.m */; };
		2BDD55C724AE225500A84806 /* Main.storyboard in Resources */ = {isa = PBXBuildFile; fileRef = 2BDD55C524AE225500A84806 /* Main.storyboard */; };
		2BDD55C924AE225700A84806 /* Assets.xcassets in Resources */ = {isa = PBXBuildFile; fileRef = 2BDD55C824AE225700A84806 /* Assets.xcassets */; };
		2BDD55CC24AE225700A84806 /* LaunchScreen.storyboard in Resources */ = {isa = PBXBuildFile; fileRef = 2BDD55CA24AE225700A84806 /* LaunchScreen.storyboard */; };
		2BDD55CF24AE225700A84806 /* main.m in Sources */ = {isa = PBXBuildFile; fileRef = 2BDD55CE24AE225700A84806 /* main.m */; };
/* End PBXBuildFile section */

/* Begin PBXFileReference section */
		2B68199724AE290900E19FF4 /* Stoptimer.h */ = {isa = PBXFileReference; lastKnownFileType = sourcecode.c.h; path = Stoptimer.h; sourceTree = "<group>"; };
		2B68199824AE290900E19FF4 /* Stoptimer.m */ = {isa = PBXFileReference; lastKnownFileType = sourcecode.c.objc; path = Stoptimer.m; sourceTree = "<group>"; };
		2BDD55B924AE225500A84806 /* Stopwatch.app */ = {isa = PBXFileReference; explicitFileType = wrapper.application; includeInIndex = 0; path = Stopwatch.app; sourceTree = BUILT_PRODUCTS_DIR; };
		2BDD55BC24AE225500A84806 /* AppDelegate.h */ = {isa = PBXFileReference; lastKnownFileType = sourcecode.c.h; path = AppDelegate.h; sourceTree = "<group>"; };
		2BDD55BD24AE225500A84806 /* AppDelegate.m */ = {isa = PBXFileReference; lastKnownFileType = sourcecode.c.objc; path = AppDelegate.m; sourceTree = "<group>"; };
		2BDD55BF24AE225500A84806 /* SceneDelegate.h */ = {isa = PBXFileReference; lastKnownFileType = sourcecode.c.h; path = SceneDelegate.h; sourceTree = "<group>"; };
		2BDD55C024AE225500A84806 /* SceneDelegate.m */ = {isa = PBXFileReference; lastKnownFileType = sourcecode.c.objc; path = SceneDelegate.m; sourceTree = "<group>"; };
		2BDD55C224AE225500A84806 /* ViewController.h */ = {isa = PBXFileReference; lastKnownFileType = sourcecode.c.h; path = ViewController.h; sourceTree = "<group>"; };
		2BDD55C324AE225500A84806 /* ViewController.m */ = {isa = PBXFileReference; lastKnownFileType = sourcecode.c.objc; path = ViewController.m; sourceTree = "<group>"; };
		2BDD55C624AE225500A84806 /* Base */ = {isa = PBXFileReference; lastKnownFileType = file.storyboard; name = Base; path = Base.lproj/Main.storyboard; sourceTree = "<group>"; };
		2BDD55C824AE225700A84806 /* Assets.xcassets */ = {isa = PBXFileReference; lastKnownFileType = folder.assetcatalog; path = Assets.xcassets; sourceTree = "<group>"; };
		2BDD55CB24AE225700A84806 /* Base */ = {isa = PBXFileReference; lastKnownFileType = file.storyboard; name = Base; path = Base.lproj/LaunchScreen.storyboard; sourceTree = "<group>"; };
		2BDD55CD24AE225700A84806 /* Info.plist */ = {isa = PBXFileReference; lastKnownFileType = text.plist.xml; path = Info.plist; sourceTree = "<group>"; };
		2BDD55CE24AE225700A84806 /* main.m */ = {isa = PBXFileReference; lastKnownFileType = sourcecode.c.objc; path = main.m; sourceTree = "<group>"; };
/* End PBXFileReference section */

/* Begin PBXFrameworksBuildPhase section */
		2BDD55B624AE225500A84806 /* Frameworks */ = {
			isa = PBXFrameworksBuildPhase;
			buildActionMask = 2147483647;
			files = (
			);
			runOnlyForDeploymentPostprocessing = 0;
		};
/* End PBXFrameworksBuildPhase section */

/* Begin PBXGroup section */
		2B68199624AE28F800E19FF4 /* Models */ = {
			isa = PBXGroup;
			children = (
				2B68199724AE290900E19FF4 /* Stoptimer.h */,
				2B68199824AE290900E19FF4 /* Stoptimer.m */,
			);
			path = Models;
			sourceTree = "<group>";
		};
		2BDD55B024AE225500A84806 = {
			isa = PBXGroup;
			children = (
				2BDD55BB24AE225500A84806 /* Stopwatch */,
				2BDD55BA24AE225500A84806 /* Products */,
			);
			sourceTree = "<group>";
		};
		2BDD55BA24AE225500A84806 /* Products */ = {
			isa = PBXGroup;
			children = (
				2BDD55B924AE225500A84806 /* Stopwatch.app */,
			);
			name = Products;
			sourceTree = "<group>";
		};
		2BDD55BB24AE225500A84806 /* Stopwatch */ = {
			isa = PBXGroup;
			children = (
				2B68199624AE28F800E19FF4 /* Models */,
				2BDD55BC24AE225500A84806 /* AppDelegate.h */,
				2BDD55BD24AE225500A84806 /* AppDelegate.m */,
				2BDD55BF24AE225500A84806 /* SceneDelegate.h */,
				2BDD55C024AE225500A84806 /* SceneDelegate.m */,
				2BDD55C224AE225500A84806 /* ViewController.h */,
				2BDD55C324AE225500A84806 /* ViewController.m */,
				2BDD55C524AE225500A84806 /* Main.storyboard */,
				2BDD55C824AE225700A84806 /* Assets.xcassets */,
				2BDD55CA24AE225700A84806 /* LaunchScreen.storyboard */,
				2BDD55CD24AE225700A84806 /* Info.plist */,
				2BDD55CE24AE225700A84806 /* main.m */,
			);
			path = Stopwatch;
			sourceTree = "<group>";
		};
/* End PBXGroup section */

/* Begin PBXNativeTarget section */
		2BDD55B824AE225500A84806 /* Stopwatch */ = {
			isa = PBXNativeTarget;
			buildConfigurationList = 2BDD55D224AE225700A84806 /* Build configuration list for PBXNativeTarget "Stopwatch" */;
			buildPhases = (
				2BDD55B524AE225500A84806 /* Sources */,
				2BDD55B624AE225500A84806 /* Frameworks */,
				2BDD55B724AE225500A84806 /* Resources */,
			);
			buildRules = (
			);
			dependencies = (
			);
			name = Stopwatch;
			productName = Stopwatch;
			productReference = 2BDD55B924AE225500A84806 /* Stopwatch.app */;
			productType = "com.apple.product-type.application";
		};
/* End PBXNativeTarget section */

/* Begin PBXProject section */
		2BDD55B124AE225500A84806 /* Project object */ = {
			isa = PBXProject;
			attributes = {
				LastUpgradeCheck = 1200;
				TargetAttributes = {
					2BDD55B824AE225500A84806 = {
						CreatedOnToolsVersion = 12.0;
					};
				};
			};
			buildConfigurationList = 2BDD55B424AE225500A84806 /* Build configuration list for PBXProject "Stopwatch" */;
			compatibilityVersion = "Xcode 9.3";
			developmentRegion = en;
			hasScannedForEncodings = 0;
			knownRegions = (
				en,
				Base,
			);
			mainGroup = 2BDD55B024AE225500A84806;
			productRefGroup = 2BDD55BA24AE225500A84806 /* Products */;
			projectDirPath = "";
			projectRoot = "";
			targets = (
				2BDD55B824AE225500A84806 /* Stopwatch */,
			);
		};
/* End PBXProject section */

/* Begin PBXResourcesBuildPhase section */
		2BDD55B724AE225500A84806 /* Resources */ = {
			isa = PBXResourcesBuildPhase;
			buildActionMask = 2147483647;
			files = (
				2BDD55CC24AE225700A84806 /* LaunchScreen.storyboard in Resources */,
				2BDD55C924AE225700A84806 /* Assets.xcassets in Resources */,
				2BDD55C724AE225500A84806 /* Main.storyboard in Resources */,
			);
			runOnlyForDeploymentPostprocessing = 0;
		};
/* End PBXResourcesBuildPhase section */

/* Begin PBXSourcesBuildPhase section */
		2BDD55B524AE225500A84806 /* Sources */ = {
			isa = PBXSourcesBuildPhase;
			buildActionMask = 2147483647;
			files = (
				2B68199924AE290900E19FF4 /* Stoptimer.m in Sources */,
				2BDD55C424AE225500A84806 /* ViewController.m in Sources */,
				2BDD55BE24AE225500A84806 /* AppDelegate.m in Sources */,
				2BDD55CF24AE225700A84806 /* main.m in Sources */,
				2BDD55C124AE225500A84806 /* SceneDelegate.m in Sources */,
			);
			runOnlyForDeploymentPostprocessing = 0;
		};
/* End PBXSourcesBuildPhase section */

/* Begin PBXVariantGroup section */
		2BDD55C524AE225500A84806 /* Main.storyboard */ = {
			isa = PBXVariantGroup;
			children = (
				2BDD55C624AE225500A84806 /* Base */,
			);
			name = Main.storyboard;
			sourceTree = "<group>";
		};
		2BDD55CA24AE225700A84806 /* LaunchScreen.storyboard */ = {
			isa = PBXVariantGroup;
			children = (
				2BDD55CB24AE225700A84806 /* Base */,
			);
			name = LaunchScreen.storyboard;
			sourceTree = "<group>";
		};
/* End PBXVariantGroup section */

/* Begin XCBuildConfiguration section */
		2BDD55D024AE225700A84806 /* Debug */ = {
			isa = XCBuildConfiguration;
			buildSettings = {
				ALWAYS_SEARCH_USER_PATHS = NO;
				CLANG_ANALYZER_NONNULL = YES;
				CLANG_ANALYZER_NUMBER_OBJECT_CONVERSION = YES_AGGRESSIVE;
				CLANG_CXX_LANGUAGE_STANDARD = "gnu++14";
				CLANG_CXX_LIBRARY = "libc++";
				CLANG_ENABLE_MODULES = YES;
				CLANG_ENABLE_OBJC_ARC = YES;
				CLANG_ENABLE_OBJC_WEAK = YES;
				CLANG_WARN_BLOCK_CAPTURE_AUTORELEASING = YES;
				CLANG_WARN_BOOL_CONVERSION = YES;
				CLANG_WARN_COMMA = YES;
				CLANG_WARN_CONSTANT_CONVERSION = YES;
				CLANG_WARN_DEPRECATED_OBJC_IMPLEMENTATIONS = YES;
				CLANG_WARN_DIRECT_OBJC_ISA_USAGE = YES_ERROR;
				CLANG_WARN_DOCUMENTATION_COMMENTS = YES;
				CLANG_WARN_EMPTY_BODY = YES;
				CLANG_WARN_ENUM_CONVERSION = YES;
				CLANG_WARN_INFINITE_RECURSION = YES;
				CLANG_WARN_INT_CONVERSION = YES;
				CLANG_WARN_NON_LITERAL_NULL_CONVERSION = YES;
				CLANG_WARN_OBJC_IMPLICIT_RETAIN_SELF = YES;
				CLANG_WARN_OBJC_LITERAL_CONVERSION = YES;
				CLANG_WARN_OBJC_ROOT_CLASS = YES_ERROR;
				CLANG_WARN_QUOTED_INCLUDE_IN_FRAMEWORK_HEADER = YES;
				CLANG_WARN_RANGE_LOOP_ANALYSIS = YES;
				CLANG_WARN_STRICT_PROTOTYPES = YES;
				CLANG_WARN_SUSPICIOUS_MOVE = YES;
				CLANG_WARN_UNGUARDED_AVAILABILITY = YES_AGGRESSIVE;
				CLANG_WARN_UNREACHABLE_CODE = YES;
				CLANG_WARN__DUPLICATE_METHOD_MATCH = YES;
				COPY_PHASE_STRIP = NO;
				DEBUG_INFORMATION_FORMAT = dwarf;
				ENABLE_STRICT_OBJC_MSGSEND = YES;
				ENABLE_TESTABILITY = YES;
				GCC_C_LANGUAGE_STANDARD = gnu11;
				GCC_DYNAMIC_NO_PIC = NO;
				GCC_NO_COMMON_BLOCKS = YES;
				GCC_OPTIMIZATION_LEVEL = 0;
				GCC_PREPROCESSOR_DEFINITIONS = (
					"DEBUG=1",
					"$(inherited)",
				);
				GCC_WARN_64_TO_32_BIT_CONVERSION = YES;
				GCC_WARN_ABOUT_RETURN_TYPE = YES_ERROR;
				GCC_WARN_UNDECLARED_SELECTOR = YES;
				GCC_WARN_UNINITIALIZED_AUTOS = YES_AGGRESSIVE;
				GCC_WARN_UNUSED_FUNCTION = YES;
				GCC_WARN_UNUSED_VARIABLE = YES;
				IPHONEOS_DEPLOYMENT_TARGET = 14.0;
				MTL_ENABLE_DEBUG_INFO = INCLUDE_SOURCE;
				MTL_FAST_MATH = YES;
				ONLY_ACTIVE_ARCH = YES;
				SDKROOT = iphoneos;
			};
			name = Debug;
		};
		2BDD55D124AE225700A84806 /* Release */ = {
			isa = XCBuildConfiguration;
			buildSettings = {
				ALWAYS_SEARCH_USER_PATHS = NO;
				CLANG_ANALYZER_NONNULL = YES;
				CLANG_ANALYZER_NUMBER_OBJECT_CONVERSION = YES_AGGRESSIVE;
				CLANG_CXX_LANGUAGE_STANDARD = "gnu++14";
				CLANG_CXX_LIBRARY = "libc++";
				CLANG_ENABLE_MODULES = YES;
				CLANG_ENABLE_OBJC_ARC = YES;
				CLANG_ENABLE_OBJC_WEAK = YES;
				CLANG_WARN_BLOCK_CAPTURE_AUTORELEASING = YES;
				CLANG_WARN_BOOL_CONVERSION = YES;
				CLANG_WARN_COMMA = YES;
				CLANG_WARN_CONSTANT_CONVERSION = YES;
				CLANG_WARN_DEPRECATED_OBJC_IMPLEMENTATIONS = YES;
				CLANG_WARN_DIRECT_OBJC_ISA_USAGE = YES_ERROR;
				CLANG_WARN_DOCUMENTATION_COMMENTS = YES;
				CLANG_WARN_EMPTY_BODY = YES;
				CLANG_WARN_ENUM_CONVERSION = YES;
				CLANG_WARN_INFINITE_RECURSION = YES;
				CLANG_WARN_INT_CONVERSION = YES;
				CLANG_WARN_NON_LITERAL_NULL_CONVERSION = YES;
				CLANG_WARN_OBJC_IMPLICIT_RETAIN_SELF = YES;
				CLANG_WARN_OBJC_LITERAL_CONVERSION = YES;
				CLANG_WARN_OBJC_ROOT_CLASS = YES_ERROR;
				CLANG_WARN_QUOTED_INCLUDE_IN_FRAMEWORK_HEADER = YES;
				CLANG_WARN_RANGE_LOOP_ANALYSIS = YES;
				CLANG_WARN_STRICT_PROTOTYPES = YES;
				CLANG_WARN_SUSPICIOUS_MOVE = YES;
				CLANG_WARN_UNGUARDED_AVAILABILITY = YES_AGGRESSIVE;
				CLANG_WARN_UNREACHABLE_CODE = YES;
				CLANG_WARN__DUPLICATE_METHOD_MATCH = YES;
				COPY_PHASE_STRIP = NO;
				DEBUG_INFORMATION_FORMAT = "dwarf-with-dsym";
				ENABLE_NS_ASSERTIONS = NO;
				ENABLE_STRICT_OBJC_MSGSEND = YES;
				GCC_C_LANGUAGE_STANDARD = gnu11;
				GCC_NO_COMMON_BLOCKS = YES;
				GCC_WARN_64_TO_32_BIT_CONVERSION = YES;
				GCC_WARN_ABOUT_RETURN_TYPE = YES_ERROR;
				GCC_WARN_UNDECLARED_SELECTOR = YES;
				GCC_WARN_UNINITIALIZED_AUTOS = YES_AGGRESSIVE;
				GCC_WARN_UNUSED_FUNCTION = YES;
				GCC_WARN_UNUSED_VARIABLE = YES;
				IPHONEOS_DEPLOYMENT_TARGET = 14.0;
				MTL_ENABLE_DEBUG_INFO = NO;
				MTL_FAST_MATH = YES;
				SDKROOT = iphoneos;
				VALIDATE_PRODUCT = YES;
			};
			name = Release;
		};
		2BDD55D324AE225700A84806 /* Debug */ = {
			isa = XCBuildConfiguration;
			buildSettings = {
				ASSETCATALOG_COMPILER_APPICON_NAME = AppIcon;
				ASSETCATALOG_COMPILER_GLOBAL_ACCENT_COLOR_NAME = AccentColor;
				CODE_SIGN_STYLE = Automatic;
				DEVELOPMENT_TEAM = 7YP67DVLV3;
				INFOPLIST_FILE = Stopwatch/Info.plist;
				IPHONEOS_DEPLOYMENT_TARGET = 13.5;
				LD_RUNPATH_SEARCH_PATHS = (
					"$(inherited)",
					"@executable_path/Frameworks",
				);
				PRODUCT_BUNDLE_IDENTIFIER = com.uvolchyk.Stopwatch;
				PRODUCT_NAME = "$(TARGET_NAME)";
				TARGETED_DEVICE_FAMILY = "1,2";
			};
			name = Debug;
		};
		2BDD55D424AE225700A84806 /* Release */ = {
			isa = XCBuildConfiguration;
			buildSettings = {
				ASSETCATALOG_COMPILER_APPICON_NAME = AppIcon;
				ASSETCATALOG_COMPILER_GLOBAL_ACCENT_COLOR_NAME = AccentColor;
				CODE_SIGN_STYLE = Automatic;
				DEVELOPMENT_TEAM = 7YP67DVLV3;
				INFOPLIST_FILE = Stopwatch/Info.plist;
				IPHONEOS_DEPLOYMENT_TARGET = 13.5;
				LD_RUNPATH_SEARCH_PATHS = (
					"$(inherited)",
					"@executable_path/Frameworks",
				);
				PRODUCT_BUNDLE_IDENTIFIER = com.uvolchyk.Stopwatch;
				PRODUCT_NAME = "$(TARGET_NAME)";
				TARGETED_DEVICE_FAMILY = "1,2";
			};
			name = Release;
		};
/* End XCBuildConfiguration section */

/* Begin XCConfigurationList section */
		2BDD55B424AE225500A84806 /* Build configuration list for PBXProject "Stopwatch" */ = {
			isa = XCConfigurationList;
			buildConfigurations = (
				2BDD55D024AE225700A84806 /* Debug */,
				2BDD55D124AE225700A84806 /* Release */,
			);
			defaultConfigurationIsVisible = 0;
			defaultConfigurationName = Release;
		};
		2BDD55D224AE225700A84806 /* Build configuration list for PBXNativeTarget "Stopwatch" */ = {
			isa = XCConfigurationList;
			buildConfigurations = (
				2BDD55D324AE225700A84806 /* Debug */,
				2BDD55D424AE225700A84806 /* Release */,
			);
			defaultConfigurationIsVisible = 0;
			defaultConfigurationName = Release;
		};
/* End XCConfigurationList section */
	};
	rootObject = 2BDD55B124AE225500A84806 /* Project object */;
}
